
Microsoft Visual Studio Solution File, Format Version 12.00
# Visual Studio Version 17
VisualStudioVersion = 17.6.33829.357
MinimumVisualStudioVersion = 10.0.40219.1
Project("{FAE04EC0-301F-11D3-BF4B-00C04F79EFBC}") = "linq", "linq\linq.csproj", "{06F7E7E5-CC01-426E-9EA5-35CA4B4E7FDA}"
EndProject
Global
	GlobalSection(SolutionConfigurationPlatforms) = preSolution
		Debug|Any CPU = Debug|Any CPU
		Release|Any CPU = Release|Any CPU
	EndGlobalSection
	GlobalSection(ProjectConfigurationPlatforms) = postSolution
		{06F7E7E5-CC01-426E-9EA5-35CA4B4E7FDA}.Debug|Any CPU.ActiveCfg = Debug|Any CPU
		{06F7E7E5-CC01-426E-9EA5-35CA4B4E7FDA}.Debug|Any CPU.Build.0 = Debug|Any CPU
		{06F7E7E5-CC01-426E-9EA5-35CA4B4E7FDA}.Release|Any CPU.ActiveCfg = Release|Any CPU
		{06F7E7E5-CC01-426E-9EA5-35CA4B4E7FDA}.Release|Any CPU.Build.0 = Release|Any CPU
	EndGlobalSection
	GlobalSection(SolutionProperties) = preSolution
		HideSolutionNode = FALSE
	EndGlobalSection
	GlobalSection(ExtensibilityGlobals) = postSolution
		SolutionGuid = {8C8D51FF-4B51-4D6A-BC60-345104C9C2CF}
	EndGlobalSection
EndGlobal
